
Microsoft Visual Studio Solution File, Format Version 12.00
# Visual Studio Version 16
VisualStudioVersion = 16.0.29613.14
MinimumVisualStudioVersion = 10.0.40219.1
Project("{FAE04EC0-301F-11D3-BF4B-00C04F79EFBC}") = "HW1", "HW1.csproj", "{89238EC8-7886-454B-98A5-46F55E550206}"
EndProject
Global
	GlobalSection(SolutionConfigurationPlatforms) = preSolution
		Debug|Any CPU = Debug|Any CPU
		Release|Any CPU = Release|Any CPU
	EndGlobalSection
	GlobalSection(ProjectConfigurationPlatforms) = postSolution
		{89238EC8-7886-454B-98A5-46F55E550206}.Debug|Any CPU.ActiveCfg = Debug|Any CPU
		{89238EC8-7886-454B-98A5-46F55E550206}.Debug|Any CPU.Build.0 = Debug|Any CPU
		{89238EC8-7886-454B-98A5-46F55E550206}.Release|Any CPU.ActiveCfg = Release|Any CPU
		{89238EC8-7886-454B-98A5-46F55E550206}.Release|Any CPU.Build.0 = Release|Any CPU
	EndGlobalSection
	GlobalSection(SolutionProperties) = preSolution
		HideSolutionNode = FALSE
	EndGlobalSection
	GlobalSection(ExtensibilityGlobals) = postSolution
		SolutionGuid = {53A4C14E-D184-40A3-9D1B-12BEB8ECB0C4}
	EndGlobalSection
EndGlobal
